
Microsoft Visual Studio Solution File, Format Version 11.00
# Visual Studio 2010
Project("{8BC9CEB8-8B4A-11D0-8D11-00A0C91BC942}") = "Kactus2", "Kactus2.vcxproj", "{09486B51-70A7-3073-B15B-6D4BAF3EC8C6}"
EndProject
Project("{8BC9CEB8-8B4A-11D0-8D11-00A0C91BC942}") = "MCAPICodeGenerator", "Plugins\MCAPICodeGenerator\MCAPICodeGenerator.vcxproj", "{AA63BE2D-A701-4C68-9760-C71655FFE66D}"
	ProjectSection(ProjectDependencies) = postProject
		{5C0CA59D-CFCE-49C6-B62A-9E3065CA34DD} = {5C0CA59D-CFCE-49C6-B62A-9E3065CA34DD}
	EndProjectSection
EndProject
Project("{8BC9CEB8-8B4A-11D0-8D11-00A0C91BC942}") = "CppSourceAnalyzer", "Plugins\CppSourceAnalyzer\CppSourceAnalyzer.vcxproj", "{D47FBAF4-1642-4F73-837C-F289DCB9E8FE}"
	ProjectSection(ProjectDependencies) = postProject
		{09486B51-70A7-3073-B15B-6D4BAF3EC8C6} = {09486B51-70A7-3073-B15B-6D4BAF3EC8C6}
	EndProjectSection
EndProject
Project("{8BC9CEB8-8B4A-11D0-8D11-00A0C91BC942}") = "VHDLSourceAnalyzer", "Plugins\VHDLAnalyzer\VHDLSourceAnalyzer.vcxproj", "{FD8026D5-50C6-4D30-B082-899FA4226C48}"
	ProjectSection(ProjectDependencies) = postProject
		{09486B51-70A7-3073-B15B-6D4BAF3EC8C6} = {09486B51-70A7-3073-B15B-6D4BAF3EC8C6}
	EndProjectSection
EndProject
Project("{8BC9CEB8-8B4A-11D0-8D11-00A0C91BC942}") = "MemoryMapHeaderGenerator", "Plugins\MemoryMapHeaderGenerator\MemoryMapHeaderGenerator.vcxproj", "{C846486D-4A9D-4212-89A8-D25BEFED7FC5}"
	ProjectSection(ProjectDependencies) = postProject
		{09486B51-70A7-3073-B15B-6D4BAF3EC8C6} = {09486B51-70A7-3073-B15B-6D4BAF3EC8C6}
	EndProjectSection
EndProject
Project("{8BC9CEB8-8B4A-11D0-8D11-00A0C91BC942}") = "AlteraBSPGenerator", "Plugins\AlteraBSPGenerator\AlteraBSPGenerator.vcxproj", "{16C73FC5-A179-4B2C-983C-59B9D1431703}"
	ProjectSection(ProjectDependencies) = postProject
		{09486B51-70A7-3073-B15B-6D4BAF3EC8C6} = {09486B51-70A7-3073-B15B-6D4BAF3EC8C6}
	EndProjectSection
EndProject
Project("{2150E333-8FDC-42A3-9474-1A3956D46DE8}") = "Plugins", "Plugins", "{90EC3FAA-DA36-47D5-97B5-9D463272C406}"
EndProject
Project("{8BC9CEB8-8B4A-11D0-8D11-00A0C91BC942}") = "PadsPartGenerator", "Plugins\PadsPartGenerator\PadsPartGenerator.vcxproj", "{A84E0600-2A1B-4593-9D89-25098A0150AA}"
	ProjectSection(ProjectDependencies) = postProject
		{09486B51-70A7-3073-B15B-6D4BAF3EC8C6} = {09486B51-70A7-3073-B15B-6D4BAF3EC8C6}
	EndProjectSection
EndProject
Project("{8BC9CEB8-8B4A-11D0-8D11-00A0C91BC942}") = "QuartusPinImportPlugin", "Plugins\QuartusPinImportPlugin\QuartusPinImportPlugin.vcxproj", "{C0DBF909-F12F-473F-8AC3-2248ABA68B92}"
	ProjectSection(ProjectDependencies) = postProject
		{09486B51-70A7-3073-B15B-6D4BAF3EC8C6} = {09486B51-70A7-3073-B15B-6D4BAF3EC8C6}
	EndProjectSection
EndProject
Project("{2150E333-8FDC-42A3-9474-1A3956D46DE8}") = "Libraries", "Libraries", "{9AC1D5FF-D209-4186-8C80-027639ACC2A3}"
EndProject
Project("{8BC9CEB8-8B4A-11D0-8D11-00A0C91BC942}") = "IPXACTmodels", "IPXACTmodels\IPXACTmodels.vcxproj", "{5C0CA59D-CFCE-49C6-B62A-9E3065CA34DD}"
EndProject
Project("{8BC9CEB8-8B4A-11D0-8D11-00A0C91BC942}") = "VerilogGeneratorPlugin", "Plugins\VerilogGenerator\VerilogGeneratorPlugin.vcxproj", "{DF1D0F97-B7D8-4DF3-AB71-B2350E08F0F4}"
EndProject
Project("{8BC9CEB8-8B4A-11D0-8D11-00A0C91BC942}") = "MakefileGenerator", "Plugins\MakefileGenerator\MakefileGenerator.vcxproj", "{7ED945F7-9538-4306-A770-4A186327F8BF}"
EndProject
Project("{8BC9CEB8-8B4A-11D0-8D11-00A0C91BC942}") = "VHDLimport", "Plugins\VHDLimport\VHDLimport.vcxproj", "{939C5230-35C3-455B-98F6-51E47E9E3DBB}"
EndProject
Project("{8BC9CEB8-8B4A-11D0-8D11-00A0C91BC942}") = "VerilogImport", "Plugins\VerilogImport\VerilogImport.vcxproj", "{85A166AC-D2CF-496C-9EFD-648765C4AC72}"
EndProject
Global
	GlobalSection(SolutionConfigurationPlatforms) = preSolution
		Debug|Win32 = Debug|Win32
		Debug|x64 = Debug|x64
		Release|Win32 = Release|Win32
		Release|x64 = Release|x64
		Template|Win32 = Template|Win32
		Template|x64 = Template|x64
	EndGlobalSection
	GlobalSection(ProjectConfigurationPlatforms) = postSolution
		{09486B51-70A7-3073-B15B-6D4BAF3EC8C6}.Debug|Win32.ActiveCfg = Debug|Win32
		{09486B51-70A7-3073-B15B-6D4BAF3EC8C6}.Debug|Win32.Build.0 = Debug|Win32
		{09486B51-70A7-3073-B15B-6D4BAF3EC8C6}.Debug|x64.ActiveCfg = Debug|x64
		{09486B51-70A7-3073-B15B-6D4BAF3EC8C6}.Debug|x64.Build.0 = Debug|x64
		{09486B51-70A7-3073-B15B-6D4BAF3EC8C6}.Release|Win32.ActiveCfg = Release|Win32
		{09486B51-70A7-3073-B15B-6D4BAF3EC8C6}.Release|Win32.Build.0 = Release|Win32
		{09486B51-70A7-3073-B15B-6D4BAF3EC8C6}.Release|x64.ActiveCfg = Release|x64
		{09486B51-70A7-3073-B15B-6D4BAF3EC8C6}.Release|x64.Build.0 = Release|x64
		{09486B51-70A7-3073-B15B-6D4BAF3EC8C6}.Template|Win32.ActiveCfg = Template|Win32
		{09486B51-70A7-3073-B15B-6D4BAF3EC8C6}.Template|x64.ActiveCfg = Template|x64
		{09486B51-70A7-3073-B15B-6D4BAF3EC8C6}.Template|x64.Build.0 = Template|x64
		{AA63BE2D-A701-4C68-9760-C71655FFE66D}.Debug|Win32.ActiveCfg = Debug|Win32
		{AA63BE2D-A701-4C68-9760-C71655FFE66D}.Debug|Win32.Build.0 = Debug|Win32
		{AA63BE2D-A701-4C68-9760-C71655FFE66D}.Debug|x64.ActiveCfg = Debug|x64
		{AA63BE2D-A701-4C68-9760-C71655FFE66D}.Debug|x64.Build.0 = Debug|x64
		{AA63BE2D-A701-4C68-9760-C71655FFE66D}.Release|Win32.ActiveCfg = Release|Win32
		{AA63BE2D-A701-4C68-9760-C71655FFE66D}.Release|Win32.Build.0 = Release|Win32
		{AA63BE2D-A701-4C68-9760-C71655FFE66D}.Release|x64.ActiveCfg = Release|x64
		{AA63BE2D-A701-4C68-9760-C71655FFE66D}.Release|x64.Build.0 = Release|x64
		{AA63BE2D-A701-4C68-9760-C71655FFE66D}.Template|Win32.ActiveCfg = Template|Win32
		{AA63BE2D-A701-4C68-9760-C71655FFE66D}.Template|x64.ActiveCfg = Template|x64
		{D47FBAF4-1642-4F73-837C-F289DCB9E8FE}.Debug|Win32.ActiveCfg = Debug|Win32
		{D47FBAF4-1642-4F73-837C-F289DCB9E8FE}.Debug|Win32.Build.0 = Debug|Win32
		{D47FBAF4-1642-4F73-837C-F289DCB9E8FE}.Debug|x64.ActiveCfg = Debug|x64
		{D47FBAF4-1642-4F73-837C-F289DCB9E8FE}.Debug|x64.Build.0 = Debug|x64
		{D47FBAF4-1642-4F73-837C-F289DCB9E8FE}.Release|Win32.ActiveCfg = Release|Win32
		{D47FBAF4-1642-4F73-837C-F289DCB9E8FE}.Release|Win32.Build.0 = Release|Win32
		{D47FBAF4-1642-4F73-837C-F289DCB9E8FE}.Release|x64.ActiveCfg = Release|x64
		{D47FBAF4-1642-4F73-837C-F289DCB9E8FE}.Release|x64.Build.0 = Release|x64
		{D47FBAF4-1642-4F73-837C-F289DCB9E8FE}.Template|Win32.ActiveCfg = Template|Win32
		{D47FBAF4-1642-4F73-837C-F289DCB9E8FE}.Template|x64.ActiveCfg = Template|x64
		{FD8026D5-50C6-4D30-B082-899FA4226C48}.Debug|Win32.ActiveCfg = Debug|Win32
		{FD8026D5-50C6-4D30-B082-899FA4226C48}.Debug|Win32.Build.0 = Debug|Win32
		{FD8026D5-50C6-4D30-B082-899FA4226C48}.Debug|x64.ActiveCfg = Debug|x64
		{FD8026D5-50C6-4D30-B082-899FA4226C48}.Debug|x64.Build.0 = Debug|x64
		{FD8026D5-50C6-4D30-B082-899FA4226C48}.Release|Win32.ActiveCfg = Release|Win32
		{FD8026D5-50C6-4D30-B082-899FA4226C48}.Release|Win32.Build.0 = Release|Win32
		{FD8026D5-50C6-4D30-B082-899FA4226C48}.Release|x64.ActiveCfg = Release|x64
		{FD8026D5-50C6-4D30-B082-899FA4226C48}.Release|x64.Build.0 = Release|x64
		{FD8026D5-50C6-4D30-B082-899FA4226C48}.Template|Win32.ActiveCfg = Template|Win32
		{FD8026D5-50C6-4D30-B082-899FA4226C48}.Template|x64.ActiveCfg = Template|x64
		{C846486D-4A9D-4212-89A8-D25BEFED7FC5}.Debug|Win32.ActiveCfg = Debug|Win32
		{C846486D-4A9D-4212-89A8-D25BEFED7FC5}.Debug|Win32.Build.0 = Debug|Win32
		{C846486D-4A9D-4212-89A8-D25BEFED7FC5}.Debug|x64.ActiveCfg = Debug|x64
		{C846486D-4A9D-4212-89A8-D25BEFED7FC5}.Debug|x64.Build.0 = Debug|x64
		{C846486D-4A9D-4212-89A8-D25BEFED7FC5}.Release|Win32.ActiveCfg = Release|Win32
		{C846486D-4A9D-4212-89A8-D25BEFED7FC5}.Release|Win32.Build.0 = Release|Win32
		{C846486D-4A9D-4212-89A8-D25BEFED7FC5}.Release|x64.ActiveCfg = Release|x64
		{C846486D-4A9D-4212-89A8-D25BEFED7FC5}.Release|x64.Build.0 = Release|x64
		{C846486D-4A9D-4212-89A8-D25BEFED7FC5}.Template|Win32.ActiveCfg = Release|x64
		{C846486D-4A9D-4212-89A8-D25BEFED7FC5}.Template|x64.ActiveCfg = Release|x64
		{16C73FC5-A179-4B2C-983C-59B9D1431703}.Debug|Win32.ActiveCfg = Debug|Win32
		{16C73FC5-A179-4B2C-983C-59B9D1431703}.Debug|Win32.Build.0 = Debug|Win32
		{16C73FC5-A179-4B2C-983C-59B9D1431703}.Debug|x64.ActiveCfg = Debug|x64
		{16C73FC5-A179-4B2C-983C-59B9D1431703}.Debug|x64.Build.0 = Debug|x64
		{16C73FC5-A179-4B2C-983C-59B9D1431703}.Release|Win32.ActiveCfg = Release|Win32
		{16C73FC5-A179-4B2C-983C-59B9D1431703}.Release|Win32.Build.0 = Release|Win32
		{16C73FC5-A179-4B2C-983C-59B9D1431703}.Release|x64.ActiveCfg = Release|x64
		{16C73FC5-A179-4B2C-983C-59B9D1431703}.Release|x64.Build.0 = Release|x64
		{16C73FC5-A179-4B2C-983C-59B9D1431703}.Template|Win32.ActiveCfg = Release|x64
		{16C73FC5-A179-4B2C-983C-59B9D1431703}.Template|x64.ActiveCfg = Release|x64
		{16C73FC5-A179-4B2C-983C-59B9D1431703}.Template|x64.Build.0 = Release|x64
		{A84E0600-2A1B-4593-9D89-25098A0150AA}.Debug|Win32.ActiveCfg = Debug|Win32
		{A84E0600-2A1B-4593-9D89-25098A0150AA}.Debug|Win32.Build.0 = Debug|Win32
		{A84E0600-2A1B-4593-9D89-25098A0150AA}.Debug|x64.ActiveCfg = Debug|x64
		{A84E0600-2A1B-4593-9D89-25098A0150AA}.Debug|x64.Build.0 = Debug|x64
		{A84E0600-2A1B-4593-9D89-25098A0150AA}.Release|Win32.ActiveCfg = Release|Win32
		{A84E0600-2A1B-4593-9D89-25098A0150AA}.Release|Win32.Build.0 = Release|Win32
		{A84E0600-2A1B-4593-9D89-25098A0150AA}.Release|x64.ActiveCfg = Release|x64
		{A84E0600-2A1B-4593-9D89-25098A0150AA}.Release|x64.Build.0 = Release|x64
		{A84E0600-2A1B-4593-9D89-25098A0150AA}.Template|Win32.ActiveCfg = Release|x64
		{A84E0600-2A1B-4593-9D89-25098A0150AA}.Template|x64.ActiveCfg = Release|x64
		{A84E0600-2A1B-4593-9D89-25098A0150AA}.Template|x64.Build.0 = Release|x64
		{C0DBF909-F12F-473F-8AC3-2248ABA68B92}.Debug|Win32.ActiveCfg = Debug|Win32
		{C0DBF909-F12F-473F-8AC3-2248ABA68B92}.Debug|Win32.Build.0 = Debug|Win32
		{C0DBF909-F12F-473F-8AC3-2248ABA68B92}.Debug|x64.ActiveCfg = Debug|x64
		{C0DBF909-F12F-473F-8AC3-2248ABA68B92}.Debug|x64.Build.0 = Debug|x64
		{C0DBF909-F12F-473F-8AC3-2248ABA68B92}.Release|Win32.ActiveCfg = Release|Win32
		{C0DBF909-F12F-473F-8AC3-2248ABA68B92}.Release|Win32.Build.0 = Release|Win32
		{C0DBF909-F12F-473F-8AC3-2248ABA68B92}.Release|x64.ActiveCfg = Release|x64
		{C0DBF909-F12F-473F-8AC3-2248ABA68B92}.Release|x64.Build.0 = Release|x64
		{C0DBF909-F12F-473F-8AC3-2248ABA68B92}.Template|Win32.ActiveCfg = Release|x64
		{C0DBF909-F12F-473F-8AC3-2248ABA68B92}.Template|x64.ActiveCfg = Release|x64
		{C0DBF909-F12F-473F-8AC3-2248ABA68B92}.Template|x64.Build.0 = Release|x64
		{5C0CA59D-CFCE-49C6-B62A-9E3065CA34DD}.Debug|Win32.ActiveCfg = Debug|Win32
		{5C0CA59D-CFCE-49C6-B62A-9E3065CA34DD}.Debug|Win32.Build.0 = Debug|Win32
		{5C0CA59D-CFCE-49C6-B62A-9E3065CA34DD}.Debug|x64.ActiveCfg = Debug|x64
		{5C0CA59D-CFCE-49C6-B62A-9E3065CA34DD}.Debug|x64.Build.0 = Debug|x64
		{5C0CA59D-CFCE-49C6-B62A-9E3065CA34DD}.Release|Win32.ActiveCfg = Release|Win32
		{5C0CA59D-CFCE-49C6-B62A-9E3065CA34DD}.Release|Win32.Build.0 = Release|Win32
		{5C0CA59D-CFCE-49C6-B62A-9E3065CA34DD}.Release|x64.ActiveCfg = Release|x64
		{5C0CA59D-CFCE-49C6-B62A-9E3065CA34DD}.Release|x64.Build.0 = Release|x64
		{5C0CA59D-CFCE-49C6-B62A-9E3065CA34DD}.Template|Win32.ActiveCfg = Release|x64
		{5C0CA59D-CFCE-49C6-B62A-9E3065CA34DD}.Template|x64.ActiveCfg = Release|x64
		{5C0CA59D-CFCE-49C6-B62A-9E3065CA34DD}.Template|x64.Build.0 = Release|x64
		{DF1D0F97-B7D8-4DF3-AB71-B2350E08F0F4}.Debug|Win32.ActiveCfg = Debug|Win32
		{DF1D0F97-B7D8-4DF3-AB71-B2350E08F0F4}.Debug|Win32.Build.0 = Debug|Win32
		{DF1D0F97-B7D8-4DF3-AB71-B2350E08F0F4}.Debug|x64.ActiveCfg = Debug|Win32
		{DF1D0F97-B7D8-4DF3-AB71-B2350E08F0F4}.Release|Win32.ActiveCfg = Release|Win32
		{DF1D0F97-B7D8-4DF3-AB71-B2350E08F0F4}.Release|Win32.Build.0 = Release|Win32
		{DF1D0F97-B7D8-4DF3-AB71-B2350E08F0F4}.Release|x64.ActiveCfg = Release|Win32
		{DF1D0F97-B7D8-4DF3-AB71-B2350E08F0F4}.Template|Win32.ActiveCfg = Release|Win32
		{DF1D0F97-B7D8-4DF3-AB71-B2350E08F0F4}.Template|Win32.Build.0 = Release|Win32
		{DF1D0F97-B7D8-4DF3-AB71-B2350E08F0F4}.Template|x64.ActiveCfg = Release|Win32
		{7ED945F7-9538-4306-A770-4A186327F8BF}.Debug|Win32.ActiveCfg = Debug|Win32
		{7ED945F7-9538-4306-A770-4A186327F8BF}.Debug|Win32.Build.0 = Debug|Win32
		{7ED945F7-9538-4306-A770-4A186327F8BF}.Debug|x64.ActiveCfg = Debug|Win32
		{7ED945F7-9538-4306-A770-4A186327F8BF}.Release|Win32.ActiveCfg = Release|Win32
		{7ED945F7-9538-4306-A770-4A186327F8BF}.Release|Win32.Build.0 = Release|Win32
		{7ED945F7-9538-4306-A770-4A186327F8BF}.Release|x64.ActiveCfg = Release|Win32
		{7ED945F7-9538-4306-A770-4A186327F8BF}.Template|Win32.ActiveCfg = Release|Win32
		{7ED945F7-9538-4306-A770-4A186327F8BF}.Template|Win32.Build.0 = Release|Win32
		{7ED945F7-9538-4306-A770-4A186327F8BF}.Template|x64.ActiveCfg = Release|Win32
		{939C5230-35C3-455B-98F6-51E47E9E3DBB}.Debug|Win32.ActiveCfg = Debug|Win32
		{939C5230-35C3-455B-98F6-51E47E9E3DBB}.Debug|Win32.Build.0 = Debug|Win32
		{939C5230-35C3-455B-98F6-51E47E9E3DBB}.Debug|x64.ActiveCfg = Debug|Win32
		{939C5230-35C3-455B-98F6-51E47E9E3DBB}.Release|Win32.ActiveCfg = Release|Win32
		{939C5230-35C3-455B-98F6-51E47E9E3DBB}.Release|Win32.Build.0 = Release|Win32
		{939C5230-35C3-455B-98F6-51E47E9E3DBB}.Release|x64.ActiveCfg = Release|Win32
		{939C5230-35C3-455B-98F6-51E47E9E3DBB}.Template|Win32.ActiveCfg = Release|Win32
		{939C5230-35C3-455B-98F6-51E47E9E3DBB}.Template|Win32.Build.0 = Release|Win32
		{939C5230-35C3-455B-98F6-51E47E9E3DBB}.Template|x64.ActiveCfg = Release|Win32
		{85A166AC-D2CF-496C-9EFD-648765C4AC72}.Debug|Win32.ActiveCfg = Debug|Win32
		{85A166AC-D2CF-496C-9EFD-648765C4AC72}.Debug|Win32.Build.0 = Debug|Win32
		{85A166AC-D2CF-496C-9EFD-648765C4AC72}.Debug|x64.ActiveCfg = Debug|Win32
		{85A166AC-D2CF-496C-9EFD-648765C4AC72}.Release|Win32.ActiveCfg = Release|Win32
		{85A166AC-D2CF-496C-9EFD-648765C4AC72}.Release|Win32.Build.0 = Release|Win32
		{85A166AC-D2CF-496C-9EFD-648765C4AC72}.Release|x64.ActiveCfg = Release|Win32
		{85A166AC-D2CF-496C-9EFD-648765C4AC72}.Template|Win32.ActiveCfg = Release|Win32
		{85A166AC-D2CF-496C-9EFD-648765C4AC72}.Template|Win32.Build.0 = Release|Win32
		{85A166AC-D2CF-496C-9EFD-648765C4AC72}.Template|x64.ActiveCfg = Release|Win32
	EndGlobalSection
	GlobalSection(SolutionProperties) = preSolution
		HideSolutionNode = FALSE
	EndGlobalSection
	GlobalSection(NestedProjects) = preSolution
		{D47FBAF4-1642-4F73-837C-F289DCB9E8FE} = {90EC3FAA-DA36-47D5-97B5-9D463272C406}
		{FD8026D5-50C6-4D30-B082-899FA4226C48} = {90EC3FAA-DA36-47D5-97B5-9D463272C406}
		{C846486D-4A9D-4212-89A8-D25BEFED7FC5} = {90EC3FAA-DA36-47D5-97B5-9D463272C406}
		{16C73FC5-A179-4B2C-983C-59B9D1431703} = {90EC3FAA-DA36-47D5-97B5-9D463272C406}
		{AA63BE2D-A701-4C68-9760-C71655FFE66D} = {90EC3FAA-DA36-47D5-97B5-9D463272C406}
		{A84E0600-2A1B-4593-9D89-25098A0150AA} = {90EC3FAA-DA36-47D5-97B5-9D463272C406}
		{C0DBF909-F12F-473F-8AC3-2248ABA68B92} = {90EC3FAA-DA36-47D5-97B5-9D463272C406}
		{DF1D0F97-B7D8-4DF3-AB71-B2350E08F0F4} = {90EC3FAA-DA36-47D5-97B5-9D463272C406}
		{7ED945F7-9538-4306-A770-4A186327F8BF} = {90EC3FAA-DA36-47D5-97B5-9D463272C406}
		{939C5230-35C3-455B-98F6-51E47E9E3DBB} = {90EC3FAA-DA36-47D5-97B5-9D463272C406}
		{85A166AC-D2CF-496C-9EFD-648765C4AC72} = {90EC3FAA-DA36-47D5-97B5-9D463272C406}
		{5C0CA59D-CFCE-49C6-B62A-9E3065CA34DD} = {9AC1D5FF-D209-4186-8C80-027639ACC2A3}
	EndGlobalSection
	GlobalSection(ExtensibilityGlobals) = postSolution
		Qt5Version = 5.2.0
		BuildVersion_UpdateFileVersion = True
		BuildVersion_UpdateAssemblyVersion = True
		AMDCaProjectFile = D:\user\maattaj\FunBase\public\trunk\CodeAnalyst\Kactus2_Solution.caw
	EndGlobalSection
EndGlobal
