
Microsoft Visual Studio Solution File, Format Version 11.00
# Visual Studio 2010
Project("{8BC9CEB8-8B4A-11D0-8D11-00A0C91BC942}") = "Kactus2", "Kactus2.vcxproj", "{09486B51-70A7-3073-B15B-6D4BAF3EC8C6}"
EndProject
Project("{8BC9CEB8-8B4A-11D0-8D11-00A0C91BC942}") = "MCAPICodeGenerator", "Plugins\MCAPICodeGenerator\MCAPICodeGenerator.vcxproj", "{AA63BE2D-A701-4C68-9760-C71655FFE66D}"
EndProject
Global
	GlobalSection(SolutionConfigurationPlatforms) = preSolution
		Debug|Win32 = Debug|Win32
		Debug|x64 = Debug|x64
		Release|Win32 = Release|Win32
		Release|x64 = Release|x64
	EndGlobalSection
	GlobalSection(ProjectConfigurationPlatforms) = postSolution
		{09486B51-70A7-3073-B15B-6D4BAF3EC8C6}.Debug|Win32.ActiveCfg = Debug|Win32
		{09486B51-70A7-3073-B15B-6D4BAF3EC8C6}.Debug|Win32.Build.0 = Debug|Win32
		{09486B51-70A7-3073-B15B-6D4BAF3EC8C6}.Debug|x64.ActiveCfg = Debug|x64
		{09486B51-70A7-3073-B15B-6D4BAF3EC8C6}.Debug|x64.Build.0 = Debug|x64
		{09486B51-70A7-3073-B15B-6D4BAF3EC8C6}.Release|Win32.ActiveCfg = Release|Win32
		{09486B51-70A7-3073-B15B-6D4BAF3EC8C6}.Release|Win32.Build.0 = Release|Win32
		{09486B51-70A7-3073-B15B-6D4BAF3EC8C6}.Release|x64.ActiveCfg = Release|x64
		{09486B51-70A7-3073-B15B-6D4BAF3EC8C6}.Release|x64.Build.0 = Release|x64
		{AA63BE2D-A701-4C68-9760-C71655FFE66D}.Debug|Win32.ActiveCfg = Debug|Win32
		{AA63BE2D-A701-4C68-9760-C71655FFE66D}.Debug|Win32.Build.0 = Debug|Win32
		{AA63BE2D-A701-4C68-9760-C71655FFE66D}.Debug|x64.ActiveCfg = Debug|x64
		{AA63BE2D-A701-4C68-9760-C71655FFE66D}.Debug|x64.Build.0 = Debug|x64
		{AA63BE2D-A701-4C68-9760-C71655FFE66D}.Release|Win32.ActiveCfg = Release|Win32
		{AA63BE2D-A701-4C68-9760-C71655FFE66D}.Release|Win32.Build.0 = Release|Win32
		{AA63BE2D-A701-4C68-9760-C71655FFE66D}.Release|x64.ActiveCfg = Release|x64
		{AA63BE2D-A701-4C68-9760-C71655FFE66D}.Release|x64.Build.0 = Release|x64
	EndGlobalSection
	GlobalSection(SolutionProperties) = preSolution
		HideSolutionNode = FALSE
	EndGlobalSection
	GlobalSection(ExtensibilityGlobals) = postSolution
		AMDCaProjectFile = D:\user\maattaj\FunBase\public\trunk\CodeAnalyst\Kactus2_Solution.caw
		BuildVersion_UpdateAssemblyVersion = True
		BuildVersion_UpdateFileVersion = True
		Qt5Version = 5.0.1
	EndGlobalSection
EndGlobal
