<?xml version="1.0" encoding="utf-8"?>
<Project ToolsVersion="4.0" xmlns="http://schemas.microsoft.com/developer/msbuild/2003">
  <ItemGroup>
    <Filter Include="Source Files">
      <UniqueIdentifier>{4FC737F1-C7A5-4376-A066-2A32D752A2FF}</UniqueIdentifier>
      <Extensions>cpp;cxx;c;def</Extensions>
    </Filter>
    <Filter Include="Header Files">
      <UniqueIdentifier>{93995380-89BD-4b04-88EB-625FBE52EBFB}</UniqueIdentifier>
      <Extensions>h</Extensions>
    </Filter>
    <Filter Include="Form Files">
      <UniqueIdentifier>{99349809-55BA-4b9d-BF79-8FDBB0286EB3}</UniqueIdentifier>
      <Extensions>ui</Extensions>
    </Filter>
    <Filter Include="Resource Files">
      <UniqueIdentifier>{D9D6E242-F8AF-46E4-B9FD-80ECBC20BA3E}</UniqueIdentifier>
      <Extensions>qrc;*</Extensions>
      <ParseFiles>false</ParseFiles>
    </Filter>
    <Filter Include="Generated Files">
      <UniqueIdentifier>{71ED8ED8-ACB9-4CE9-BBE1-E00B30144E11}</UniqueIdentifier>
      <Extensions>moc;h;cpp</Extensions>
      <SourceControlFiles>False</SourceControlFiles>
    </Filter>
    <Filter Include="Header Files\kactusExtensions">
      <UniqueIdentifier>{baefef4c-d901-4edd-a506-4608479a05fc}</UniqueIdentifier>
    </Filter>
    <Filter Include="Source Files\kactusExtensions">
      <UniqueIdentifier>{9a1ab151-3ac8-45ec-910d-4264f073bda9}</UniqueIdentifier>
    </Filter>
    <Filter Include="Source Files\validators">
      <UniqueIdentifier>{12b4e7f6-efbf-4e71-a494-ce7e5f017b79}</UniqueIdentifier>
    </Filter>
    <Filter Include="Header Files\validators">
      <UniqueIdentifier>{f47be731-33bb-4e30-a675-92f57ecb2303}</UniqueIdentifier>
    </Filter>
    <Filter Include="Generated Files\Debug">
      <UniqueIdentifier>{a1bee4a2-7ee8-4820-9673-b6c6e7a03481}</UniqueIdentifier>
      <Extensions>cpp;moc</Extensions>
      <SourceControlFiles>False</SourceControlFiles>
    </Filter>
    <Filter Include="Generated Files\Release">
      <UniqueIdentifier>{3512f2ef-cd60-43f9-8388-f194f8eff4e9}</UniqueIdentifier>
      <Extensions>cpp;moc</Extensions>
      <SourceControlFiles>False</SourceControlFiles>
    </Filter>
  </ItemGroup>
  <ItemGroup>
    <ClCompile Include="abstractiondefinition.cpp">
      <Filter>Source Files</Filter>
    </ClCompile>
    <ClCompile Include="XmlUtils.cpp">
      <Filter>Source Files</Filter>
    </ClCompile>
    <ClCompile Include="addressblock.cpp">
      <Filter>Source Files</Filter>
    </ClCompile>
    <ClCompile Include="addressspace.cpp">
      <Filter>Source Files</Filter>
    </ClCompile>
    <ClCompile Include="AdHocConnection.cpp">
      <Filter>Source Files</Filter>
    </ClCompile>
    <ClCompile Include="alternateregister.cpp">
      <Filter>Source Files</Filter>
    </ClCompile>
    <ClCompile Include="ApiDefinition.cpp">
      <Filter>Source Files</Filter>
    </ClCompile>
    <ClCompile Include="ApiFunction.cpp">
      <Filter>Source Files</Filter>
    </ClCompile>
    <ClCompile Include="ApiFunctionParameter.cpp">
      <Filter>Source Files</Filter>
    </ClCompile>
    <ClCompile Include="ApiInterface.cpp">
      <Filter>Source Files</Filter>
    </ClCompile>
    <ClCompile Include="bank.cpp">
      <Filter>Source Files</Filter>
    </ClCompile>
    <ClCompile Include="bspbuildcommand.cpp">
      <Filter>Source Files</Filter>
    </ClCompile>
    <ClCompile Include="buildcommand.cpp">
      <Filter>Source Files</Filter>
    </ClCompile>
    <ClCompile Include="buildmodel.cpp">
      <Filter>Source Files</Filter>
    </ClCompile>
    <ClCompile Include="busdefinition.cpp">
      <Filter>Source Files</Filter>
    </ClCompile>
    <ClCompile Include="businterface.cpp">
      <Filter>Source Files</Filter>
    </ClCompile>
    <ClCompile Include="channel.cpp">
      <Filter>Source Files</Filter>
    </ClCompile>
    <ClCompile Include="choice.cpp">
      <Filter>Source Files</Filter>
    </ClCompile>
    <ClCompile Include="ColumnDesc.cpp">
      <Filter>Source Files</Filter>
    </ClCompile>
    <ClCompile Include="ComConnection.cpp">
      <Filter>Source Files</Filter>
    </ClCompile>
    <ClCompile Include="ComDefinition.cpp">
      <Filter>Source Files</Filter>
    </ClCompile>
    <ClCompile Include="ComInterface.cpp">
      <Filter>Source Files</Filter>
    </ClCompile>
    <ClCompile Include="component.cpp">
      <Filter>Source Files</Filter>
    </ClCompile>
    <ClCompile Include="componentgenerator.cpp">
      <Filter>Source Files</Filter>
    </ClCompile>
    <ClCompile Include="ComponentInstance.cpp">
      <Filter>Source Files</Filter>
    </ClCompile>
    <ClCompile Include="ComProperty.cpp">
      <Filter>Source Files</Filter>
    </ClCompile>
    <ClCompile Include="cpu.cpp">
      <Filter>Source Files</Filter>
    </ClCompile>
    <ClCompile Include="design.cpp">
      <Filter>Source Files</Filter>
    </ClCompile>
    <ClCompile Include="designconfabstractor.cpp">
      <Filter>Source Files</Filter>
    </ClCompile>
    <ClCompile Include="designconfiguration.cpp">
      <Filter>Source Files</Filter>
    </ClCompile>
    <ClCompile Include="enumeratedvalue.cpp">
      <Filter>Source Files</Filter>
    </ClCompile>
    <ClCompile Include="field.cpp">
      <Filter>Source Files</Filter>
    </ClCompile>
    <ClCompile Include="file.cpp">
      <Filter>Source Files</Filter>
    </ClCompile>
    <ClCompile Include="filebuilder.cpp">
      <Filter>Source Files</Filter>
    </ClCompile>
    <ClCompile Include="FileDependency.cpp">
      <Filter>Source Files</Filter>
    </ClCompile>
    <ClCompile Include="fileset.cpp">
      <Filter>Source Files</Filter>
    </ClCompile>
    <ClCompile Include="function.cpp">
      <Filter>Source Files</Filter>
    </ClCompile>
    <ClCompile Include="generaldeclarations.cpp">
      <Filter>Source Files</Filter>
    </ClCompile>
    <ClCompile Include="generator.cpp">
      <Filter>Source Files</Filter>
    </ClCompile>
    <ClCompile Include="generatorchain.cpp">
      <Filter>Source Files</Filter>
    </ClCompile>
    <ClCompile Include="generatorchainselector.cpp">
      <Filter>Source Files</Filter>
    </ClCompile>
    <ClCompile Include="GenericVendorExtension.cpp">
      <Filter>Source Files</Filter>
    </ClCompile>
    <ClCompile Include="HierApiDependency.cpp">
      <Filter>Source Files</Filter>
    </ClCompile>
    <ClCompile Include="HierComConnection.cpp">
      <Filter>Source Files</Filter>
    </ClCompile>
    <ClCompile Include="HierConnection.cpp">
      <Filter>Source Files</Filter>
    </ClCompile>
    <ClCompile Include="Interconnection.cpp">
      <Filter>Source Files</Filter>
    </ClCompile>
    <ClCompile Include="Interface.cpp">
      <Filter>Source Files</Filter>
    </ClCompile>
    <ClCompile Include="librarycomponent.cpp">
      <Filter>Source Files</Filter>
    </ClCompile>
    <ClCompile Include="masterinterface.cpp">
      <Filter>Source Files</Filter>
    </ClCompile>
    <ClCompile Include="memoryblockdata.cpp">
      <Filter>Source Files</Filter>
    </ClCompile>
    <ClCompile Include="memorymap.cpp">
      <Filter>Source Files</Filter>
    </ClCompile>
    <ClCompile Include="memorymapitem.cpp">
      <Filter>Source Files</Filter>
    </ClCompile>
    <ClCompile Include="mirroredslaveinterface.cpp">
      <Filter>Source Files</Filter>
    </ClCompile>
    <ClCompile Include="model.cpp">
      <Filter>Source Files</Filter>
    </ClCompile>
    <ClCompile Include="modelparameter.cpp">
      <Filter>Source Files</Filter>
    </ClCompile>
    <ClCompile Include="NameGroup.cpp">
      <Filter>Source Files</Filter>
    </ClCompile>
    <ClCompile Include="otherclockdriver.cpp">
      <Filter>Source Files</Filter>
    </ClCompile>
    <ClCompile Include="parameter.cpp">
      <Filter>Source Files</Filter>
    </ClCompile>
    <ClCompile Include="port.cpp">
      <Filter>Source Files</Filter>
    </ClCompile>
    <ClCompile Include="portabstraction.cpp">
      <Filter>Source Files</Filter>
    </ClCompile>
    <ClCompile Include="PortRef.cpp">
      <Filter>Source Files</Filter>
    </ClCompile>
    <ClCompile Include="register.cpp">
      <Filter>Source Files</Filter>
    </ClCompile>
    <ClCompile Include="registerdefinition.cpp">
      <Filter>Source Files</Filter>
    </ClCompile>
    <ClCompile Include="registerfile.cpp">
      <Filter>Source Files</Filter>
    </ClCompile>
    <ClCompile Include="registermodel.cpp">
      <Filter>Source Files</Filter>
    </ClCompile>
    <ClCompile Include="remapport.cpp">
      <Filter>Source Files</Filter>
    </ClCompile>
    <ClCompile Include="remapstate.cpp">
      <Filter>Source Files</Filter>
    </ClCompile>
    <ClCompile Include="reset.cpp">
      <Filter>Source Files</Filter>
    </ClCompile>
    <ClCompile Include="segment.cpp">
      <Filter>Source Files</Filter>
    </ClCompile>
    <ClCompile Include="servicetypedef.cpp">
      <Filter>Source Files</Filter>
    </ClCompile>
    <ClCompile Include="slaveinterface.cpp">
      <Filter>Source Files</Filter>
    </ClCompile>
    <ClCompile Include="subspacemap.cpp">
      <Filter>Source Files</Filter>
    </ClCompile>
    <ClCompile Include="swbuildcommand.cpp">
      <Filter>Source Files</Filter>
    </ClCompile>
    <ClCompile Include="SWInstance.cpp">
      <Filter>Source Files</Filter>
    </ClCompile>
    <ClCompile Include="SWView.cpp">
      <Filter>Source Files</Filter>
    </ClCompile>
    <ClCompile Include="SystemView.cpp">
      <Filter>Source Files</Filter>
    </ClCompile>
    <ClCompile Include="transactional.cpp">
      <Filter>Source Files</Filter>
    </ClCompile>
    <ClCompile Include="transactionalabstraction.cpp">
      <Filter>Source Files</Filter>
    </ClCompile>
    <ClCompile Include="vector.cpp">
      <Filter>Source Files</Filter>
    </ClCompile>
    <ClCompile Include="view.cpp">
      <Filter>Source Files</Filter>
    </ClCompile>
    <ClCompile Include="wire.cpp">
      <Filter>Source Files</Filter>
    </ClCompile>
    <ClCompile Include="wireabstraction.cpp">
      <Filter>Source Files</Filter>
    </ClCompile>
    <ClCompile Include="writevalueconstraint.cpp">
      <Filter>Source Files</Filter>
    </ClCompile>
    <ClCompile Include="kactusExtensions\Kactus2Group.cpp">
      <Filter>Source Files\kactusExtensions</Filter>
    </ClCompile>
    <ClCompile Include="kactusExtensions\Kactus2Value.cpp">
      <Filter>Source Files\kactusExtensions</Filter>
    </ClCompile>
    <ClCompile Include="kactusExtensions\Kactus2Placeholder.cpp">
      <Filter>Source Files\kactusExtensions</Filter>
    </ClCompile>
    <ClCompile Include="kactusExtensions\Kactus2Position.cpp">
      <Filter>Source Files\kactusExtensions</Filter>
    </ClCompile>
    <ClCompile Include="vlnv.cpp">
      <Filter>Source Files</Filter>
    </ClCompile>
    <ClCompile Include="kactusExtensions\KactusAttribute.cpp">
      <Filter>Source Files\kactusExtensions</Filter>
    </ClCompile>
    <ClCompile Include="PortMap.cpp">
      <Filter>Source Files</Filter>
    </ClCompile>
    <ClCompile Include="Enumeration.cpp">
      <Filter>Source Files</Filter>
    </ClCompile>
    <ClCompile Include="ApiConnection.cpp">
      <Filter>Source Files</Filter>
    </ClCompile>
    <ClCompile Include="validators\ParameterValidator.cpp">
      <Filter>Source Files\validators</Filter>
    </ClCompile>
    <ClCompile Include="validators\ModelParameterValidator.cpp">
      <Filter>Source Files\validators</Filter>
    </ClCompile>
    <ClCompile Include="validators\namevalidator.cpp">
      <Filter>Source Files\validators</Filter>
    </ClCompile>
    <ClCompile Include="GeneratedFiles\Debug\moc_namevalidator.cpp">
      <Filter>Generated Files\Debug</Filter>
    </ClCompile>
    <ClCompile Include="GeneratedFiles\Release\moc_namevalidator.cpp">
      <Filter>Generated Files\Release</Filter>
    </ClCompile>
    <ClCompile Include="validators\NMTokenValidator.cpp">
      <Filter>Source Files\validators</Filter>
    </ClCompile>
    <ClCompile Include="GeneratedFiles\Debug\moc_NMTokenValidator.cpp">
      <Filter>Generated Files\Debug</Filter>
    </ClCompile>
    <ClCompile Include="GeneratedFiles\Release\moc_NMTokenValidator.cpp">
      <Filter>Generated Files\Release</Filter>
    </ClCompile>
    <ClCompile Include="validators\IPXactValueParser.cpp">
      <Filter>Source Files\validators</Filter>
    </ClCompile>
    <ClCompile Include="validators\ParameterValidator2014.cpp">
      <Filter>Source Files\validators</Filter>
    </ClCompile>
    <ClCompile Include="kactusExtensions\ComponentInstantiation.cpp">
      <Filter>Source Files\kactusExtensions</Filter>
    </ClCompile>
    <ClCompile Include="kactusExtensions\ModuleParameter.cpp">
      <Filter>Source Files\kactusExtensions</Filter>
    </ClCompile>
    <ClCompile Include="validators\BinaryValidator.cpp">
      <Filter>Source Files\validators</Filter>
    </ClCompile>
    <ClCompile Include="GeneratedFiles\Debug\moc_BinaryValidator.cpp">
      <Filter>Generated Files\Debug</Filter>
    </ClCompile>
    <ClCompile Include="GeneratedFiles\Release\moc_BinaryValidator.cpp">
      <Filter>Generated Files\Release</Filter>
    </ClCompile>
    <ClCompile Include="kactusExtensions\Kactus2Array.cpp">
      <Filter>Source Files\kactusExtensions</Filter>
    </ClCompile>
  </ItemGroup>
  <ItemGroup>
    <ClInclude Include="ipxactmodels_global.h">
      <Filter>Header Files</Filter>
    </ClInclude>
    <ClInclude Include="abstractiondefinition.h">
      <Filter>Header Files</Filter>
    </ClInclude>
    <ClInclude Include="XmlUtils.h">
      <Filter>Header Files</Filter>
    </ClInclude>
    <ClInclude Include="addressblock.h">
      <Filter>Header Files</Filter>
    </ClInclude>
    <ClInclude Include="addressspace.h">
      <Filter>Header Files</Filter>
    </ClInclude>
    <ClInclude Include="AdHocConnection.h">
      <Filter>Header Files</Filter>
    </ClInclude>
    <ClInclude Include="alternateregister.h">
      <Filter>Header Files</Filter>
    </ClInclude>
    <ClInclude Include="ApiDefinition.h">
      <Filter>Header Files</Filter>
    </ClInclude>
    <ClInclude Include="ApiFunction.h">
      <Filter>Header Files</Filter>
    </ClInclude>
    <ClInclude Include="ApiFunctionParameter.h">
      <Filter>Header Files</Filter>
    </ClInclude>
    <ClInclude Include="ApiInterface.h">
      <Filter>Header Files</Filter>
    </ClInclude>
    <ClInclude Include="bank.h">
      <Filter>Header Files</Filter>
    </ClInclude>
    <ClInclude Include="bspbuildcommand.h">
      <Filter>Header Files</Filter>
    </ClInclude>
    <ClInclude Include="buildcommand.h">
      <Filter>Header Files</Filter>
    </ClInclude>
    <ClInclude Include="buildmodel.h">
      <Filter>Header Files</Filter>
    </ClInclude>
    <ClInclude Include="busdefinition.h">
      <Filter>Header Files</Filter>
    </ClInclude>
    <ClInclude Include="businterface.h">
      <Filter>Header Files</Filter>
    </ClInclude>
    <ClInclude Include="channel.h">
      <Filter>Header Files</Filter>
    </ClInclude>
    <ClInclude Include="choice.h">
      <Filter>Header Files</Filter>
    </ClInclude>
    <ClInclude Include="ColumnDesc.h">
      <Filter>Header Files</Filter>
    </ClInclude>
    <ClInclude Include="ComConnection.h">
      <Filter>Header Files</Filter>
    </ClInclude>
    <ClInclude Include="ComDefinition.h">
      <Filter>Header Files</Filter>
    </ClInclude>
    <ClInclude Include="ComInterface.h">
      <Filter>Header Files</Filter>
    </ClInclude>
    <ClInclude Include="component.h">
      <Filter>Header Files</Filter>
    </ClInclude>
    <ClInclude Include="componentgenerator.h">
      <Filter>Header Files</Filter>
    </ClInclude>
    <ClInclude Include="ComponentInstance.h">
      <Filter>Header Files</Filter>
    </ClInclude>
    <ClInclude Include="ComProperty.h">
      <Filter>Header Files</Filter>
    </ClInclude>
    <ClInclude Include="cpu.h">
      <Filter>Header Files</Filter>
    </ClInclude>
    <ClInclude Include="design.h">
      <Filter>Header Files</Filter>
    </ClInclude>
    <ClInclude Include="designconfabstractor.h">
      <Filter>Header Files</Filter>
    </ClInclude>
    <ClInclude Include="designconfiguration.h">
      <Filter>Header Files</Filter>
    </ClInclude>
    <ClInclude Include="enumeratedvalue.h">
      <Filter>Header Files</Filter>
    </ClInclude>
    <ClInclude Include="field.h">
      <Filter>Header Files</Filter>
    </ClInclude>
    <ClInclude Include="file.h">
      <Filter>Header Files</Filter>
    </ClInclude>
    <ClInclude Include="filebuilder.h">
      <Filter>Header Files</Filter>
    </ClInclude>
    <ClInclude Include="FileDependency.h">
      <Filter>Header Files</Filter>
    </ClInclude>
    <ClInclude Include="fileset.h">
      <Filter>Header Files</Filter>
    </ClInclude>
    <ClInclude Include="function.h">
      <Filter>Header Files</Filter>
    </ClInclude>
    <ClInclude Include="generaldeclarations.h">
      <Filter>Header Files</Filter>
    </ClInclude>
    <ClInclude Include="generator.h">
      <Filter>Header Files</Filter>
    </ClInclude>
    <ClInclude Include="generatorchain.h">
      <Filter>Header Files</Filter>
    </ClInclude>
    <ClInclude Include="generatorchainselector.h">
      <Filter>Header Files</Filter>
    </ClInclude>
    <ClInclude Include="GenericVendorExtension.h">
      <Filter>Header Files</Filter>
    </ClInclude>
    <ClInclude Include="HierApiDependency.h">
      <Filter>Header Files</Filter>
    </ClInclude>
    <ClInclude Include="HierComConnection.h">
      <Filter>Header Files</Filter>
    </ClInclude>
    <ClInclude Include="HierConnection.h">
      <Filter>Header Files</Filter>
    </ClInclude>
    <ClInclude Include="Interconnection.h">
      <Filter>Header Files</Filter>
    </ClInclude>
    <ClInclude Include="Interface.h">
      <Filter>Header Files</Filter>
    </ClInclude>
    <ClInclude Include="librarycomponent.h">
      <Filter>Header Files</Filter>
    </ClInclude>
    <ClInclude Include="masterinterface.h">
      <Filter>Header Files</Filter>
    </ClInclude>
    <ClInclude Include="memoryblockdata.h">
      <Filter>Header Files</Filter>
    </ClInclude>
    <ClInclude Include="memorymap.h">
      <Filter>Header Files</Filter>
    </ClInclude>
    <ClInclude Include="memorymapitem.h">
      <Filter>Header Files</Filter>
    </ClInclude>
    <ClInclude Include="mirroredslaveinterface.h">
      <Filter>Header Files</Filter>
    </ClInclude>
    <ClInclude Include="model.h">
      <Filter>Header Files</Filter>
    </ClInclude>
    <ClInclude Include="modelparameter.h">
      <Filter>Header Files</Filter>
    </ClInclude>
    <ClInclude Include="NameGroup.h">
      <Filter>Header Files</Filter>
    </ClInclude>
    <ClInclude Include="otherclockdriver.h">
      <Filter>Header Files</Filter>
    </ClInclude>
    <ClInclude Include="parameter.h">
      <Filter>Header Files</Filter>
    </ClInclude>
    <ClInclude Include="port.h">
      <Filter>Header Files</Filter>
    </ClInclude>
    <ClInclude Include="portabstraction.h">
      <Filter>Header Files</Filter>
    </ClInclude>
    <ClInclude Include="PortRef.h">
      <Filter>Header Files</Filter>
    </ClInclude>
    <ClInclude Include="register.h">
      <Filter>Header Files</Filter>
    </ClInclude>
    <ClInclude Include="registerdefinition.h">
      <Filter>Header Files</Filter>
    </ClInclude>
    <ClInclude Include="registerfile.h">
      <Filter>Header Files</Filter>
    </ClInclude>
    <ClInclude Include="registermodel.h">
      <Filter>Header Files</Filter>
    </ClInclude>
    <ClInclude Include="remapport.h">
      <Filter>Header Files</Filter>
    </ClInclude>
    <ClInclude Include="remapstate.h">
      <Filter>Header Files</Filter>
    </ClInclude>
    <ClInclude Include="reset.h">
      <Filter>Header Files</Filter>
    </ClInclude>
    <ClInclude Include="..\resource.h">
      <Filter>Header Files</Filter>
    </ClInclude>
    <ClInclude Include="segment.h">
      <Filter>Header Files</Filter>
    </ClInclude>
    <ClInclude Include="servicetypedef.h">
      <Filter>Header Files</Filter>
    </ClInclude>
    <ClInclude Include="slaveinterface.h">
      <Filter>Header Files</Filter>
    </ClInclude>
    <ClInclude Include="subspacemap.h">
      <Filter>Header Files</Filter>
    </ClInclude>
    <ClInclude Include="swbuildcommand.h">
      <Filter>Header Files</Filter>
    </ClInclude>
    <ClInclude Include="SWInstance.h">
      <Filter>Header Files</Filter>
    </ClInclude>
    <ClInclude Include="SWView.h">
      <Filter>Header Files</Filter>
    </ClInclude>
    <ClInclude Include="SystemView.h">
      <Filter>Header Files</Filter>
    </ClInclude>
    <ClInclude Include="transactional.h">
      <Filter>Header Files</Filter>
    </ClInclude>
    <ClInclude Include="transactionalabstraction.h">
      <Filter>Header Files</Filter>
    </ClInclude>
    <ClInclude Include="vector.h">
      <Filter>Header Files</Filter>
    </ClInclude>
    <ClInclude Include="VendorExtension.h">
      <Filter>Header Files</Filter>
    </ClInclude>
    <ClInclude Include="view.h">
      <Filter>Header Files</Filter>
    </ClInclude>
    <ClInclude Include="wire.h">
      <Filter>Header Files</Filter>
    </ClInclude>
    <ClInclude Include="wireabstraction.h">
      <Filter>Header Files</Filter>
    </ClInclude>
    <ClInclude Include="writevalueconstraint.h">
      <Filter>Header Files</Filter>
    </ClInclude>
    <ClInclude Include="kactusExtensions\Kactus2Group.h">
      <Filter>Header Files\kactusExtensions</Filter>
    </ClInclude>
    <ClInclude Include="kactusExtensions\Kactus2Value.h">
      <Filter>Header Files\kactusExtensions</Filter>
    </ClInclude>
    <ClInclude Include="kactusExtensions\Kactus2Placeholder.h">
      <Filter>Header Files\kactusExtensions</Filter>
    </ClInclude>
    <ClInclude Include="kactusExtensions\Kactus2Position.h">
      <Filter>Header Files\kactusExtensions</Filter>
    </ClInclude>
    <ClInclude Include="vlnv.h">
      <Filter>Header Files</Filter>
    </ClInclude>
    <ClInclude Include="kactusExtensions\KactusAttribute.h">
      <Filter>Header Files\kactusExtensions</Filter>
    </ClInclude>
    <ClInclude Include="PortMap.h">
      <Filter>Header Files</Filter>
    </ClInclude>
    <ClInclude Include="Enumeration.h">
      <Filter>Header Files</Filter>
    </ClInclude>
    <ClInclude Include="ApiConnection.h">
      <Filter>Header Files</Filter>
    </ClInclude>
    <ClInclude Include="StringPromtAtt.h">
      <Filter>Header Files</Filter>
    </ClInclude>
    <ClInclude Include="validators\ParameterValidator.h">
      <Filter>Header Files\validators</Filter>
    </ClInclude>
    <ClInclude Include="validators\ModelParameterValidator.h">
      <Filter>Header Files\validators</Filter>
    </ClInclude>
    <ClInclude Include="validators\IPXactValueParser.h">
      <Filter>Header Files\validators</Filter>
    </ClInclude>
    <ClInclude Include="validators\ParameterValidator2014.h">
      <Filter>Header Files\validators</Filter>
    </ClInclude>
    <ClInclude Include="kactusExtensions\ComponentInstantiation.h">
      <Filter>Header Files\kactusExtensions</Filter>
    </ClInclude>
    <ClInclude Include="kactusExtensions\ModuleParameter.h">
      <Filter>Header Files\kactusExtensions</Filter>
    </ClInclude>
    <ClInclude Include="kactusExtensions\Kactus2Array.h">
      <Filter>Header Files\kactusExtensions</Filter>
    </ClInclude>
  </ItemGroup>
  <ItemGroup>
    <CustomBuild Include="validators\namevalidator.h">
      <Filter>Header Files\validators</Filter>
    </CustomBuild>
    <CustomBuild Include="validators\NMTokenValidator.h">
      <Filter>Header Files\validators</Filter>
    </CustomBuild>
    <CustomBuild Include="validators\BinaryValidator.h">
      <Filter>Header Files\validators</Filter>
    </CustomBuild>
  </ItemGroup>
</Project>