<?xml version="1.0" encoding="utf-8"?>
<Project ToolsVersion="4.0" xmlns="http://schemas.microsoft.com/developer/msbuild/2003">
  <ItemGroup>
    <Filter Include="Source Files">
      <UniqueIdentifier>{4FC737F1-C7A5-4376-A066-2A32D752A2FF}</UniqueIdentifier>
      <Extensions>cpp;cxx;c;def</Extensions>
    </Filter>
    <Filter Include="Header Files">
      <UniqueIdentifier>{93995380-89BD-4b04-88EB-625FBE52EBFB}</UniqueIdentifier>
      <Extensions>h</Extensions>
    </Filter>
    <Filter Include="Form Files">
      <UniqueIdentifier>{99349809-55BA-4b9d-BF79-8FDBB0286EB3}</UniqueIdentifier>
      <Extensions>ui</Extensions>
    </Filter>
    <Filter Include="Resource Files">
      <UniqueIdentifier>{D9D6E242-F8AF-46E4-B9FD-80ECBC20BA3E}</UniqueIdentifier>
      <Extensions>qrc;*</Extensions>
      <ParseFiles>false</ParseFiles>
    </Filter>
    <Filter Include="Generated Files">
      <UniqueIdentifier>{71ED8ED8-ACB9-4CE9-BBE1-E00B30144E11}</UniqueIdentifier>
      <Extensions>moc;h;cpp</Extensions>
      <SourceControlFiles>False</SourceControlFiles>
    </Filter>
    <Filter Include="Source Files\CPUSelection">
      <UniqueIdentifier>{be4c3c8f-dc25-4101-9b7d-b43b96c652ff}</UniqueIdentifier>
    </Filter>
    <Filter Include="Header Files\CPUSelection">
      <UniqueIdentifier>{a930d07a-9747-4365-b0bb-92a27fa37e68}</UniqueIdentifier>
    </Filter>
  </ItemGroup>
  <ItemGroup>
    <ClCompile Include="LinuxDeviceTreePlugin.cpp">
      <Filter>Source Files</Filter>
    </ClCompile>
    <ClCompile Include="LinuxDeviceTreeGenerator.cpp">
      <Filter>Source Files</Filter>
    </ClCompile>
    <ClCompile Include="..\..\editors\MemoryDesigner\ConnectivityGraphFactory.cpp">
      <Filter>Source Files</Filter>
    </ClCompile>
    <ClCompile Include="..\..\editors\MemoryDesigner\ConnectivityConnection.cpp">
      <Filter>Source Files</Filter>
    </ClCompile>
    <ClCompile Include="..\..\editors\MemoryDesigner\ConnectivityInterface.cpp">
      <Filter>Source Files</Filter>
    </ClCompile>
    <ClCompile Include="..\..\editors\MemoryDesigner\ConnectivityComponent.cpp">
      <Filter>Source Files</Filter>
    </ClCompile>
    <ClCompile Include="..\..\editors\MemoryDesigner\MemoryItem.cpp">
      <Filter>Source Files</Filter>
    </ClCompile>
    <ClCompile Include="..\..\editors\MemoryDesigner\ConnectivityGraph.cpp">
      <Filter>Source Files</Filter>
    </ClCompile>
    <ClCompile Include="..\..\editors\MemoryDesigner\MemoryConnectionAddressCalculator.cpp">
      <Filter>Source Files</Filter>
    </ClCompile>
    <ClCompile Include="..\..\editors\MemoryDesigner\MemoryDesignerConstants.cpp">
      <Filter>Source Files</Filter>
    </ClCompile>
    <ClCompile Include="..\..\editors\MemoryDesigner\MasterSlavePathSearch.cpp">
      <Filter>Source Files</Filter>
    </ClCompile>
    <ClCompile Include="LinuxDeviceTreeDialog.cpp">
      <Filter>Source Files</Filter>
    </ClCompile>
    <ClCompile Include="..\PluginSystem\GeneratorPlugin\ViewSelection.cpp">
      <Filter>Source Files</Filter>
    </ClCompile>
    <ClCompile Include="CPUSelection\LinuxDeviceTreeCPUDelegate.cpp">
      <Filter>Source Files\CPUSelection</Filter>
    </ClCompile>
    <ClCompile Include="CPUSelection\LinuxDeviceTreeCPUEditor.cpp">
      <Filter>Source Files\CPUSelection</Filter>
    </ClCompile>
    <ClCompile Include="CPUSelection\LinuxDeviceTreeCPUModel.cpp">
      <Filter>Source Files\CPUSelection</Filter>
    </ClCompile>
    <ClCompile Include="GeneratedFiles\moc_LinuxDeviceTreeCPUModel.cpp">
      <Filter>Generated Files</Filter>
    </ClCompile>
    <ClCompile Include="GeneratedFiles\moc_LinuxDeviceTreeCPUDelegate.cpp">
      <Filter>Generated Files</Filter>
    </ClCompile>
    <ClCompile Include="GeneratedFiles\moc_LinuxDeviceTreeCPUEditor.cpp">
      <Filter>Generated Files</Filter>
    </ClCompile>
    <ClCompile Include="CPUSelection\LinuxDeviceTreeCPUDetails.cpp">
      <Filter>Source Files\CPUSelection</Filter>
    </ClCompile>
    <ClCompile Include="GeneratedFiles\moc_LinuxDeviceTreePlugin.cpp">
      <Filter>Generated Files</Filter>
    </ClCompile>
    <ClCompile Include="GeneratedFiles\moc_LinuxDeviceTreeDialog.cpp">
      <Filter>Generated Files</Filter>
    </ClCompile>
    <ClCompile Include="GeneratedFiles\qrc_LinuxDeviceTree.cpp">
      <Filter>Generated Files</Filter>
    </ClCompile>
  </ItemGroup>
  <ItemGroup>
    <ClInclude Include="LinuxDeviceTreeGenerator_global.h">
      <Filter>Header Files</Filter>
    </ClInclude>
    <ClInclude Include="LinuxDeviceTreeGenerator.h">
      <Filter>Header Files</Filter>
    </ClInclude>
    <ClInclude Include="..\..\editors\MemoryDesigner\ConnectivityGraphFactory.h">
      <Filter>Header Files</Filter>
    </ClInclude>
    <ClInclude Include="..\..\editors\MemoryDesigner\ConnectivityConnection.h">
      <Filter>Header Files</Filter>
    </ClInclude>
    <ClInclude Include="..\..\editors\MemoryDesigner\ConnectivityInterface.h">
      <Filter>Header Files</Filter>
    </ClInclude>
    <ClInclude Include="..\..\editors\MemoryDesigner\ConnectivityComponent.h">
      <Filter>Header Files</Filter>
    </ClInclude>
    <ClInclude Include="..\..\editors\MemoryDesigner\MemoryItem.h">
      <Filter>Header Files</Filter>
    </ClInclude>
    <ClInclude Include="..\..\editors\MemoryDesigner\ConnectivityGraph.h">
      <Filter>Header Files</Filter>
    </ClInclude>
    <ClInclude Include="..\..\editors\MemoryDesigner\MemoryConnectionAddressCalculator.h">
      <Filter>Header Files</Filter>
    </ClInclude>
    <ClInclude Include="..\..\editors\MemoryDesigner\MemoryDesignerConstants.h">
      <Filter>Header Files</Filter>
    </ClInclude>
    <ClInclude Include="..\..\editors\MemoryDesigner\MasterSlavePathSearch.h">
      <Filter>Header Files</Filter>
    </ClInclude>
    <ClInclude Include="..\PluginSystem\GeneratorPlugin\ViewSelection.h">
      <Filter>Header Files</Filter>
    </ClInclude>
    <ClInclude Include="CPUSelection\LinuxDeviceTreeCPUColumns.h">
      <Filter>Header Files\CPUSelection</Filter>
    </ClInclude>
    <ClInclude Include="CPUSelection\LinuxDeviceTreeCPUDetails.h">
      <Filter>Header Files\CPUSelection</Filter>
    </ClInclude>
  </ItemGroup>
  <ItemGroup>
    <CustomBuild Include="LinuxDeviceTreeDialog.h">
      <Filter>Header Files</Filter>
    </CustomBuild>
    <CustomBuild Include="LinuxDeviceTreePlugin.h">
      <Filter>Header Files</Filter>
    </CustomBuild>
    <CustomBuild Include="CPUSelection\LinuxDeviceTreeCPUModel.h">
      <Filter>Header Files\CPUSelection</Filter>
    </CustomBuild>
    <CustomBuild Include="CPUSelection\LinuxDeviceTreeCPUDelegate.h">
      <Filter>Header Files\CPUSelection</Filter>
    </CustomBuild>
    <CustomBuild Include="CPUSelection\LinuxDeviceTreeCPUEditor.h">
      <Filter>Header Files\CPUSelection</Filter>
    </CustomBuild>
    <CustomBuild Include="LinuxDeviceTree.qrc">
      <Filter>Resource Files</Filter>
    </CustomBuild>
  </ItemGroup>
  <ItemGroup>
    <Image Include="LinuxDeviceTreeGenerator.png">
      <Filter>Resource Files</Filter>
    </Image>
  </ItemGroup>
</Project>